{
  "name": "earth-3d-dashboard",
  "version": "1.0.0",
  "lockfileVersion": 3,
  "requires": true,
  "packages": {
    "": {
      "name": "earth-3d-dashboard",
      "version": "1.0.0",
      "license": "ISC",
      "dependencies": {
        "@babylonjs/core": "^7.35.1",
        "@babylonjs/gui": "^7.35.1",
        "@babylonjs/loaders": "^7.35.1",
        "babylonjs": "^7.35.1",
        "earth-3d-dashboard": "file:"
      }
    },
    "node_modules/@babylonjs/core": {
      "version": "7.35.1",
      "resolved": "https://registry.npmjs.org/@babylonjs/core/-/core-7.35.1.tgz",
      "integrity": "sha512-/KTRczb7WGfeeBbF6QEsari38IFBkKqlELys3GXMcBOjiP+XMLAxnsL49RJvidpN7ckvkEXOpa7fmgVHC/i0eQ==",
      "license": "Apache-2.0"
    },
    "node_modules/@babylonjs/gui": {
      "version": "7.35.1",
      "resolved": "https://registry.npmjs.org/@babylonjs/gui/-/gui-7.35.1.tgz",
      "integrity": "sha512-3m/lNxqPkAqmFB0ZD8XA5IsxVjGCcLYrGmgLVL/7kzdOTIglDCiacinMecYyh1td2L5erqeELP2AtDZy4a+tkw==",
      "license": "Apache-2.0",
      "peerDependencies": {
        "@babylonjs/core": "^7.0.0"
      }
    },
    "node_modules/@babylonjs/loaders": {
      "version": "7.35.1",
      "resolved": "https://registry.npmjs.org/@babylonjs/loaders/-/loaders-7.35.1.tgz",
      "integrity": "sha512-rxRBDyv9k50b3rxFEBeWHX4njWRTudvfDsARyXK6qLvKxhMGQnDZf9VXBO7w67X5vHry9IF4+U3QWDoF5qeGcw==",
      "license": "Apache-2.0",
      "peerDependencies": {
        "@babylonjs/core": "^7.0.0",
        "babylonjs-gltf2interface": "^7.0.0"
      }
    },
    "node_modules/babylonjs": {
      "version": "7.35.1",
      "resolved": "https://registry.npmjs.org/babylonjs/-/babylonjs-7.35.1.tgz",
      "integrity": "sha512-6NdOBTz+l0oOmbpILD1mpi7u91i1KiChkVdRVZnRpkKe61V8urNAOcOlaXK5fYSHS4P/yTTH7DOY+G7OEq7Yuw==",
      "hasInstallScript": true,
      "license": "Apache-2.0"
    },
    "node_modules/babylonjs-gltf2interface": {
      "version": "7.35.1",
      "resolved": "https://registry.npmjs.org/babylonjs-gltf2interface/-/babylonjs-gltf2interface-7.35.1.tgz",
      "integrity": "sha512-xJlMbv796Uzv/LaWc2iuAixEz8Rah9HsLDzMZ9GRuURFPXpgVnxTxD2qMzUDhH3qwQXSEVAVn5wyUdBoHLF3GQ==",
      "license": "Apache-2.0",
      "peer": true
    },
    "node_modules/earth-3d-dashboard": {
      "resolved": "",
      "link": true
    }
  }
}
